
Microsoft Visual Studio Solution File, Format Version 12.00
# Visual Studio 15
Project("{FAE04EC0-301F-11D3-BF4B-00C04F79EFBC}") = "Assembly-CSharp", "Assembly-CSharp.csproj", "{113D2916-234D-D6CD-F68C-264966CC8563}"
EndProject
Project("{FAE04EC0-301F-11D3-BF4B-00C04F79EFBC}") = "Assembly-CSharp-firstpass", "Assembly-CSharp-firstpass.csproj", "{F083BB91-E189-D082-5999-61DC1178554F}"
EndProject
Global
	GlobalSection(SolutionConfigurationPlatforms) = preSolution
		Debug|Any CPU = Debug|Any CPU
		Release|Any CPU = Release|Any CPU
	EndGlobalSection
	GlobalSection(ProjectConfigurationPlatforms) = postSolution
		{113D2916-234D-D6CD-F68C-264966CC8563}.Debug|Any CPU.ActiveCfg = Debug|Any CPU
		{113D2916-234D-D6CD-F68C-264966CC8563}.Debug|Any CPU.Build.0 = Debug|Any CPU
		{113D2916-234D-D6CD-F68C-264966CC8563}.Release|Any CPU.ActiveCfg = Release|Any CPU
		{113D2916-234D-D6CD-F68C-264966CC8563}.Release|Any CPU.Build.0 = Release|Any CPU
		{F083BB91-E189-D082-5999-61DC1178554F}.Debug|Any CPU.ActiveCfg = Debug|Any CPU
		{F083BB91-E189-D082-5999-61DC1178554F}.Debug|Any CPU.Build.0 = Debug|Any CPU
		{F083BB91-E189-D082-5999-61DC1178554F}.Release|Any CPU.ActiveCfg = Release|Any CPU
		{F083BB91-E189-D082-5999-61DC1178554F}.Release|Any CPU.Build.0 = Release|Any CPU
	EndGlobalSection
	GlobalSection(SolutionProperties) = preSolution
		HideSolutionNode = FALSE
	EndGlobalSection
EndGlobal
