
Microsoft Visual Studio Solution File, Format Version 12.00
# Visual Studio 15
Project("{FAE04EC0-301F-11D3-BF4B-00C04F79EFBC}") = "Assembly-CSharp", "Assembly-CSharp.csproj", "{901B0B2F-1B2A-0A1F-7BF6-96673A32FEC3}"
EndProject
Project("{FAE04EC0-301F-11D3-BF4B-00C04F79EFBC}") = "Assembly-CSharp-firstpass", "Assembly-CSharp-firstpass.csproj", "{2C7888F3-AB45-A979-D62C-2A038B76BC5B}"
EndProject
Global
	GlobalSection(SolutionConfigurationPlatforms) = preSolution
		Debug|Any CPU = Debug|Any CPU
		Release|Any CPU = Release|Any CPU
	EndGlobalSection
	GlobalSection(ProjectConfigurationPlatforms) = postSolution
		{901B0B2F-1B2A-0A1F-7BF6-96673A32FEC3}.Debug|Any CPU.ActiveCfg = Debug|Any CPU
		{901B0B2F-1B2A-0A1F-7BF6-96673A32FEC3}.Debug|Any CPU.Build.0 = Debug|Any CPU
		{901B0B2F-1B2A-0A1F-7BF6-96673A32FEC3}.Release|Any CPU.ActiveCfg = Release|Any CPU
		{901B0B2F-1B2A-0A1F-7BF6-96673A32FEC3}.Release|Any CPU.Build.0 = Release|Any CPU
		{2C7888F3-AB45-A979-D62C-2A038B76BC5B}.Debug|Any CPU.ActiveCfg = Debug|Any CPU
		{2C7888F3-AB45-A979-D62C-2A038B76BC5B}.Debug|Any CPU.Build.0 = Debug|Any CPU
		{2C7888F3-AB45-A979-D62C-2A038B76BC5B}.Release|Any CPU.ActiveCfg = Release|Any CPU
		{2C7888F3-AB45-A979-D62C-2A038B76BC5B}.Release|Any CPU.Build.0 = Release|Any CPU
	EndGlobalSection
	GlobalSection(SolutionProperties) = preSolution
		HideSolutionNode = FALSE
	EndGlobalSection
EndGlobal
